// !$*UTF8*$!
{
	archiveVersion = 1;
	classes = {
	};
	objectVersion = 56;
	objects = {

/* Begin PBXBuildFile section */
		212762BF2A7574040070E6A5 /* fun.m in Sources */ = {isa = PBXBuildFile; fileRef = 212762B42A7574040070E6A5 /* fun.m */; };
		212762C02A7574040070E6A5 /* grant_full_disk_access.m in Sources */ = {isa = PBXBuildFile; fileRef = 212762B52A7574040070E6A5 /* grant_full_disk_access.m */; };
		212762C12A7574040070E6A5 /* helpers.m in Sources */ = {isa = PBXBuildFile; fileRef = 212762B62A7574040070E6A5 /* helpers.m */; };
		212762C22A7574040070E6A5 /* thanks_opa334dev_htrowii.m in Sources */ = {isa = PBXBuildFile; fileRef = 212762B72A7574040070E6A5 /* thanks_opa334dev_htrowii.m */; };
		212762C32A7574040070E6A5 /* krw.c in Sources */ = {isa = PBXBuildFile; fileRef = 212762B82A7574040070E6A5 /* krw.c */; };
		212762C42A7574040070E6A5 /* offsets.m in Sources */ = {isa = PBXBuildFile; fileRef = 212762B92A7574040070E6A5 /* offsets.m */; };
		212762C62A7574040070E6A5 /* proc.c in Sources */ = {isa = PBXBuildFile; fileRef = 212762BB2A7574040070E6A5 /* proc.c */; };
		297BA1092A310AE100D1E51A /* kfdApp.swift in Sources */ = {isa = PBXBuildFile; fileRef = 297BA1082A310AE100D1E51A /* kfdApp.swift */; };
		297BA10B2A310AE100D1E51A /* ContentView.swift in Sources */ = {isa = PBXBuildFile; fileRef = 297BA10A2A310AE100D1E51A /* ContentView.swift */; };
		297BA10D2A310AE200D1E51A /* Assets.xcassets in Resources */ = {isa = PBXBuildFile; fileRef = 297BA10C2A310AE200D1E51A /* Assets.xcassets */; };
		297BA1112A310AE200D1E51A /* Preview Assets.xcassets in Resources */ = {isa = PBXBuildFile; fileRef = 297BA1102A310AE200D1E51A /* Preview Assets.xcassets */; };
		C83165432A7D5A15004A4C22 /* PlampyWifi.car in Resources */ = {isa = PBXBuildFile; fileRef = C83165422A7D5A15004A4C22 /* PlampyWifi.car */; };
		C86E3CB82A7CFFF5004A1B56 /* modules.materialrecipe in Resources */ = {isa = PBXBuildFile; fileRef = C86E3CB62A7CFFF5004A1B56 /* modules.materialrecipe */; };
		C86E3CB92A7CFFF5004A1B56 /* modulesBackground.materialrecipe in Resources */ = {isa = PBXBuildFile; fileRef = C86E3CB72A7CFFF5004A1B56 /* modulesBackground.materialrecipe */; };
		C893D2022A7BB82500643CCC /* SFUI.ttf in Resources */ = {isa = PBXBuildFile; fileRef = C893D1F62A7BB82500643CCC /* SFUI.ttf */; };
		C893D2032A7BB82500643CCC /* ios16.car in Resources */ = {isa = PBXBuildFile; fileRef = C893D1F82A7BB82500643CCC /* ios16.car */; };
		C893D2052A7BB82500643CCC /* mainvolume.caml in Resources */ = {isa = PBXBuildFile; fileRef = C893D1FB2A7BB82500643CCC /* mainvolume.caml */; };
		C893D2062A7BB82500643CCC /* mainbluetooth.caml in Resources */ = {isa = PBXBuildFile; fileRef = C893D1FC2A7BB82500643CCC /* mainbluetooth.caml */; };
		C893D2082A7BB82500643CCC /* focusmain.caml in Resources */ = {isa = PBXBuildFile; fileRef = C893D1FE2A7BB82500643CCC /* focusmain.caml */; };
		C893D20A2A7BB82500643CCC /* mainbrightness.caml in Resources */ = {isa = PBXBuildFile; fileRef = C893D2002A7BB82500643CCC /* mainbrightness.caml */; };
		C893D20B2A7BB82500643CCC /* mainwifi.caml in Resources */ = {isa = PBXBuildFile; fileRef = C893D2012A7BB82500643CCC /* mainwifi.caml */; };
		C893D20D2A7C16E500643CCC /* mainforwardbackward.caml in Resources */ = {isa = PBXBuildFile; fileRef = C893D20C2A7C16E500643CCC /* mainforwardbackward.caml */; };
		C893D2112A7C2FB200643CCC /* mainplaypausestop.caml in Resources */ = {isa = PBXBuildFile; fileRef = C893D2102A7C2FB200643CCC /* mainplaypausestop.caml */; };
		C8C194812A759CC700ABE8BF /* AAAA.bin in Resources */ = {isa = PBXBuildFile; fileRef = C8C194802A759CC700ABE8BF /* AAAA.bin */; };
		C8C43BF82A797848008B08F9 /* lock.caf in Resources */ = {isa = PBXBuildFile; fileRef = C8C43BF72A797848008B08F9 /* lock.caf */; };
		C8EAC7D02A769098005FB878 /* SwiftUtils in Frameworks */ = {isa = PBXBuildFile; productRef = C8843C222A724AA900CA0DC9 /* SwiftUtils */; };
		C8EAC7D22A7690E2005FB878 /* vnode.m in Sources */ = {isa = PBXBuildFile; fileRef = C8EAC7D12A7690E2005FB878 /* vnode.m */; };
		C8EAC7D52A769100005FB878 /* utils.m in Sources */ = {isa = PBXBuildFile; fileRef = C8EAC7D42A769100005FB878 /* utils.m */; };
/* End PBXBuildFile section */

/* Begin PBXFileReference section */
		212762AC2A7573CB0070E6A5 /* static_info.h */ = {isa = PBXFileReference; fileEncoding = 4; lastKnownFileType = sourcecode.c.h; path = static_info.h; sourceTree = "<group>"; };
		212762AD2A7573CB0070E6A5 /* dynamic_info.h */ = {isa = PBXFileReference; fileEncoding = 4; lastKnownFileType = sourcecode.c.h; path = dynamic_info.h; sourceTree = "<group>"; };
		212762AF2A7574040070E6A5 /* thanks_opa334dev_htrowii.h */ = {isa = PBXFileReference; fileEncoding = 4; lastKnownFileType = sourcecode.c.h; path = thanks_opa334dev_htrowii.h; sourceTree = "<group>"; };
		212762B02A7574040070E6A5 /* vnode.h */ = {isa = PBXFileReference; fileEncoding = 4; lastKnownFileType = sourcecode.c.h; path = vnode.h; sourceTree = "<group>"; };
		212762B12A7574040070E6A5 /* proc.h */ = {isa = PBXFileReference; fileEncoding = 4; lastKnownFileType = sourcecode.c.h; path = proc.h; sourceTree = "<group>"; };
		212762B22A7574040070E6A5 /* offsets.h */ = {isa = PBXFileReference; fileEncoding = 4; lastKnownFileType = sourcecode.c.h; path = offsets.h; sourceTree = "<group>"; };
		212762B32A7574040070E6A5 /* krw.h */ = {isa = PBXFileReference; fileEncoding = 4; lastKnownFileType = sourcecode.c.h; path = krw.h; sourceTree = "<group>"; };
		212762B42A7574040070E6A5 /* fun.m */ = {isa = PBXFileReference; fileEncoding = 4; lastKnownFileType = sourcecode.c.objc; path = fun.m; sourceTree = "<group>"; };
		212762B52A7574040070E6A5 /* grant_full_disk_access.m */ = {isa = PBXFileReference; fileEncoding = 4; lastKnownFileType = sourcecode.c.objc; path = grant_full_disk_access.m; sourceTree = "<group>"; };
		212762B62A7574040070E6A5 /* helpers.m */ = {isa = PBXFileReference; fileEncoding = 4; lastKnownFileType = sourcecode.c.objc; path = helpers.m; sourceTree = "<group>"; };
		212762B72A7574040070E6A5 /* thanks_opa334dev_htrowii.m */ = {isa = PBXFileReference; fileEncoding = 4; lastKnownFileType = sourcecode.c.objc; path = thanks_opa334dev_htrowii.m; sourceTree = "<group>"; };
		212762B82A7574040070E6A5 /* krw.c */ = {isa = PBXFileReference; fileEncoding = 4; lastKnownFileType = sourcecode.c.c; path = krw.c; sourceTree = "<group>"; };
		212762B92A7574040070E6A5 /* offsets.m */ = {isa = PBXFileReference; fileEncoding = 4; lastKnownFileType = sourcecode.c.objc; path = offsets.m; sourceTree = "<group>"; };
		212762BB2A7574040070E6A5 /* proc.c */ = {isa = PBXFileReference; fileEncoding = 4; lastKnownFileType = sourcecode.c.c; path = proc.c; sourceTree = "<group>"; };
		212762BC2A7574040070E6A5 /* fun.h */ = {isa = PBXFileReference; fileEncoding = 4; lastKnownFileType = sourcecode.c.h; path = fun.h; sourceTree = "<group>"; };
		212762BD2A7574040070E6A5 /* helpers.h */ = {isa = PBXFileReference; fileEncoding = 4; lastKnownFileType = sourcecode.c.h; path = helpers.h; sourceTree = "<group>"; };
		212762BE2A7574040070E6A5 /* grant_full_disk_access.h */ = {isa = PBXFileReference; fileEncoding = 4; lastKnownFileType = sourcecode.c.h; path = grant_full_disk_access.h; sourceTree = "<group>"; };
		2948BA6E2A3162FD00B2ED3C /* common.h */ = {isa = PBXFileReference; lastKnownFileType = sourcecode.c.h; path = common.h; sourceTree = "<group>"; };
		2948BA6F2A31630800B2ED3C /* info.h */ = {isa = PBXFileReference; lastKnownFileType = sourcecode.c.h; path = info.h; sourceTree = "<group>"; };
		2948BA702A31631000B2ED3C /* krkw.h */ = {isa = PBXFileReference; lastKnownFileType = sourcecode.c.h; path = krkw.h; sourceTree = "<group>"; };
		2948BA712A31631C00B2ED3C /* puaf.h */ = {isa = PBXFileReference; lastKnownFileType = sourcecode.c.h; path = puaf.h; sourceTree = "<group>"; };
		2948BA722A31636600B2ED3C /* physpuppet.h */ = {isa = PBXFileReference; lastKnownFileType = sourcecode.c.h; path = physpuppet.h; sourceTree = "<group>"; };
		2948BA762A3163AB00B2ED3C /* kread_kqueue_workloop_ctl.h */ = {isa = PBXFileReference; lastKnownFileType = sourcecode.c.h; path = kread_kqueue_workloop_ctl.h; sourceTree = "<group>"; };
		2948BA772A3163B900B2ED3C /* kread_sem_open.h */ = {isa = PBXFileReference; lastKnownFileType = sourcecode.c.h; path = kread_sem_open.h; sourceTree = "<group>"; };
		2948BA782A3163C500B2ED3C /* kwrite_dup.h */ = {isa = PBXFileReference; lastKnownFileType = sourcecode.c.h; path = kwrite_dup.h; sourceTree = "<group>"; };
		2948BA792A3163D200B2ED3C /* kwrite_sem_open.h */ = {isa = PBXFileReference; lastKnownFileType = sourcecode.c.h; path = kwrite_sem_open.h; sourceTree = "<group>"; };
		2965065D2A31565B0025D1A7 /* kfd-Bridging-Header.h */ = {isa = PBXFileReference; lastKnownFileType = sourcecode.c.h; path = "kfd-Bridging-Header.h"; sourceTree = "<group>"; };
		2965065E2A31565B0025D1A7 /* libkfd.h */ = {isa = PBXFileReference; lastKnownFileType = sourcecode.c.h; path = libkfd.h; sourceTree = "<group>"; };
		297BA1052A310AE100D1E51A /* kfd.app */ = {isa = PBXFileReference; explicitFileType = wrapper.application; includeInIndex = 0; path = kfd.app; sourceTree = BUILT_PRODUCTS_DIR; };
		297BA1082A310AE100D1E51A /* kfdApp.swift */ = {isa = PBXFileReference; lastKnownFileType = sourcecode.swift; path = kfdApp.swift; sourceTree = "<group>"; };
		297BA10A2A310AE100D1E51A /* ContentView.swift */ = {isa = PBXFileReference; lastKnownFileType = sourcecode.swift; path = ContentView.swift; sourceTree = "<group>"; };
		297BA10C2A310AE200D1E51A /* Assets.xcassets */ = {isa = PBXFileReference; lastKnownFileType = folder.assetcatalog; path = Assets.xcassets; sourceTree = "<group>"; };
		297BA10E2A310AE200D1E51A /* kfd.entitlements */ = {isa = PBXFileReference; lastKnownFileType = text.plist.entitlements; path = kfd.entitlements; sourceTree = "<group>"; };
		297BA1102A310AE200D1E51A /* Preview Assets.xcassets */ = {isa = PBXFileReference; lastKnownFileType = folder.assetcatalog; path = "Preview Assets.xcassets"; sourceTree = "<group>"; };
		29A358F32A43B53300C297A1 /* smith.h */ = {isa = PBXFileReference; lastKnownFileType = sourcecode.c.h; path = smith.h; sourceTree = "<group>"; };
		29A765292A393FCB006617E8 /* perf.h */ = {isa = PBXFileReference; lastKnownFileType = sourcecode.c.h; path = perf.h; sourceTree = "<group>"; };
		C83165422A7D5A15004A4C22 /* PlampyWifi.car */ = {isa = PBXFileReference; lastKnownFileType = file; path = PlampyWifi.car; sourceTree = "<group>"; };
		C83165562A7D6DB7004A4C22 /* 1.png */ = {isa = PBXFileReference; lastKnownFileType = image.png; path = 1.png; sourceTree = "<group>"; };
		C83165572A7D6DB7004A4C22 /* 2.png */ = {isa = PBXFileReference; lastKnownFileType = image.png; path = 2.png; sourceTree = "<group>"; };
		C83165582A7D6DB7004A4C22 /* 3.png */ = {isa = PBXFileReference; lastKnownFileType = image.png; path = 3.png; sourceTree = "<group>"; };
		C83165592A7D6DB7004A4C22 /* 8.png */ = {isa = PBXFileReference; lastKnownFileType = image.png; path = 8.png; sourceTree = "<group>"; };
		C831655A2A7D6DB7004A4C22 /* 6.png */ = {isa = PBXFileReference; lastKnownFileType = image.png; path = 6.png; sourceTree = "<group>"; };
		C831655B2A7D6DB7004A4C22 /* 4.png */ = {isa = PBXFileReference; lastKnownFileType = image.png; path = 4.png; sourceTree = "<group>"; };
		C831655C2A7D6DB7004A4C22 /* 9.png */ = {isa = PBXFileReference; lastKnownFileType = image.png; path = 9.png; sourceTree = "<group>"; };
		C831655D2A7D6DB7004A4C22 /* 7.png */ = {isa = PBXFileReference; lastKnownFileType = image.png; path = 7.png; sourceTree = "<group>"; };
		C831655E2A7D6DB7004A4C22 /* 5.png */ = {isa = PBXFileReference; lastKnownFileType = image.png; path = 5.png; sourceTree = "<group>"; };
		C86E3CB62A7CFFF5004A1B56 /* modules.materialrecipe */ = {isa = PBXFileReference; lastKnownFileType = file.bplist; path = modules.materialrecipe; sourceTree = "<group>"; };
		C86E3CB72A7CFFF5004A1B56 /* modulesBackground.materialrecipe */ = {isa = PBXFileReference; lastKnownFileType = file.bplist; path = modulesBackground.materialrecipe; sourceTree = "<group>"; };
		C893D1F62A7BB82500643CCC /* SFUI.ttf */ = {isa = PBXFileReference; lastKnownFileType = file; path = SFUI.ttf; sourceTree = "<group>"; };
		C893D1F82A7BB82500643CCC /* ios16.car */ = {isa = PBXFileReference; lastKnownFileType = file; path = ios16.car; sourceTree = "<group>"; };
		C893D1FB2A7BB82500643CCC /* mainvolume.caml */ = {isa = PBXFileReference; fileEncoding = 4; lastKnownFileType = text.xml; path = mainvolume.caml; sourceTree = "<group>"; };
		C893D1FC2A7BB82500643CCC /* mainbluetooth.caml */ = {isa = PBXFileReference; fileEncoding = 4; lastKnownFileType = text.xml; path = mainbluetooth.caml; sourceTree = "<group>"; };
		C893D1FE2A7BB82500643CCC /* focusmain.caml */ = {isa = PBXFileReference; fileEncoding = 4; lastKnownFileType = text.xml; path = focusmain.caml; sourceTree = "<group>"; };
		C893D2002A7BB82500643CCC /* mainbrightness.caml */ = {isa = PBXFileReference; fileEncoding = 4; lastKnownFileType = text.xml; path = mainbrightness.caml; sourceTree = "<group>"; };
		C893D2012A7BB82500643CCC /* mainwifi.caml */ = {isa = PBXFileReference; fileEncoding = 4; lastKnownFileType = text.xml; path = mainwifi.caml; sourceTree = "<group>"; };
		C893D20C2A7C16E500643CCC /* mainforwardbackward.caml */ = {isa = PBXFileReference; fileEncoding = 4; lastKnownFileType = text.xml; path = mainforwardbackward.caml; sourceTree = "<group>"; };
		C893D2102A7C2FB200643CCC /* mainplaypausestop.caml */ = {isa = PBXFileReference; fileEncoding = 4; lastKnownFileType = text.xml; path = mainplaypausestop.caml; sourceTree = "<group>"; };
		C8C194802A759CC700ABE8BF /* AAAA.bin */ = {isa = PBXFileReference; lastKnownFileType = archive.macbinary; path = AAAA.bin; sourceTree = "<group>"; };
		C8C43BF72A797848008B08F9 /* lock.caf */ = {isa = PBXFileReference; lastKnownFileType = file; path = lock.caf; sourceTree = "<group>"; };
		C8EAC7D12A7690E2005FB878 /* vnode.m */ = {isa = PBXFileReference; fileEncoding = 4; lastKnownFileType = sourcecode.c.objc; path = vnode.m; sourceTree = "<group>"; };
		C8EAC7D32A769100005FB878 /* utils.h */ = {isa = PBXFileReference; fileEncoding = 4; lastKnownFileType = sourcecode.c.h; path = utils.h; sourceTree = "<group>"; };
		C8EAC7D42A769100005FB878 /* utils.m */ = {isa = PBXFileReference; fileEncoding = 4; lastKnownFileType = sourcecode.c.objc; path = utils.m; sourceTree = "<group>"; };
/* End PBXFileReference section */

/* Begin PBXFrameworksBuildPhase section */
		297BA1022A310AE100D1E51A /* Frameworks */ = {
			isa = PBXFrameworksBuildPhase;
			buildActionMask = 2147483647;
			files = (
				C8EAC7D02A769098005FB878 /* SwiftUtils in Frameworks */,
			);
			runOnlyForDeploymentPostprocessing = 0;
		};
/* End PBXFrameworksBuildPhase section */

/* Begin PBXGroup section */
		212762AB2A7573CB0070E6A5 /* info */ = {
			isa = PBXGroup;
			children = (
				212762AC2A7573CB0070E6A5 /* static_info.h */,
				212762AD2A7573CB0070E6A5 /* dynamic_info.h */,
			);
			path = info;
			sourceTree = "<group>";
		};
		212762AE2A7574040070E6A5 /* fun */ = {
			isa = PBXGroup;
			children = (
				212762AF2A7574040070E6A5 /* thanks_opa334dev_htrowii.h */,
				212762B72A7574040070E6A5 /* thanks_opa334dev_htrowii.m */,
				C8EAC7D32A769100005FB878 /* utils.h */,
				C8EAC7D42A769100005FB878 /* utils.m */,
				212762B02A7574040070E6A5 /* vnode.h */,
				C8EAC7D12A7690E2005FB878 /* vnode.m */,
				212762BB2A7574040070E6A5 /* proc.c */,
				212762B12A7574040070E6A5 /* proc.h */,
				212762B92A7574040070E6A5 /* offsets.m */,
				212762B22A7574040070E6A5 /* offsets.h */,
				212762B82A7574040070E6A5 /* krw.c */,
				212762B32A7574040070E6A5 /* krw.h */,
				212762B42A7574040070E6A5 /* fun.m */,
				212762BC2A7574040070E6A5 /* fun.h */,
				212762B62A7574040070E6A5 /* helpers.m */,
				212762BD2A7574040070E6A5 /* helpers.h */,
				212762B52A7574040070E6A5 /* grant_full_disk_access.m */,
				212762BE2A7574040070E6A5 /* grant_full_disk_access.h */,
			);
			path = fun;
			sourceTree = "<group>";
		};
		2948BA6A2A3162C600B2ED3C /* libkfd */ = {
			isa = PBXGroup;
			children = (
				C83165562A7D6DB7004A4C22 /* 1.png */,
				C83165572A7D6DB7004A4C22 /* 2.png */,
				C83165582A7D6DB7004A4C22 /* 3.png */,
				C831655B2A7D6DB7004A4C22 /* 4.png */,
				C831655E2A7D6DB7004A4C22 /* 5.png */,
				C831655A2A7D6DB7004A4C22 /* 6.png */,
				C831655D2A7D6DB7004A4C22 /* 7.png */,
				C83165592A7D6DB7004A4C22 /* 8.png */,
				C831655C2A7D6DB7004A4C22 /* 9.png */,
				C86E3CB62A7CFFF5004A1B56 /* modules.materialrecipe */,
				C86E3CB72A7CFFF5004A1B56 /* modulesBackground.materialrecipe */,
				C893D2102A7C2FB200643CCC /* mainplaypausestop.caml */,
				C893D20C2A7C16E500643CCC /* mainforwardbackward.caml */,
				C893D1FB2A7BB82500643CCC /* mainvolume.caml */,
				C893D1FC2A7BB82500643CCC /* mainbluetooth.caml */,
				C893D1FE2A7BB82500643CCC /* focusmain.caml */,
				C893D2002A7BB82500643CCC /* mainbrightness.caml */,
				C893D2012A7BB82500643CCC /* mainwifi.caml */,
				C893D1F62A7BB82500643CCC /* SFUI.ttf */,
				C893D1F82A7BB82500643CCC /* ios16.car */,
				C83165422A7D5A15004A4C22 /* PlampyWifi.car */,
				C8C43BF72A797848008B08F9 /* lock.caf */,
				C8C194802A759CC700ABE8BF /* AAAA.bin */,
				2948BA6E2A3162FD00B2ED3C /* common.h */,
				2948BA6F2A31630800B2ED3C /* info.h */,
				212762AB2A7573CB0070E6A5 /* info */,
				2948BA6C2A3162E400B2ED3C /* krkw */,
				2948BA702A31631000B2ED3C /* krkw.h */,
				29A765292A393FCB006617E8 /* perf.h */,
				2948BA6D2A3162E900B2ED3C /* puaf */,
				2948BA712A31631C00B2ED3C /* puaf.h */,
			);
			path = libkfd;
			sourceTree = "<group>";
		};
		2948BA6C2A3162E400B2ED3C /* krkw */ = {
			isa = PBXGroup;
			children = (
				2948BA742A31639800B2ED3C /* kread */,
				2948BA752A31639D00B2ED3C /* kwrite */,
			);
			path = krkw;
			sourceTree = "<group>";
		};
		2948BA6D2A3162E900B2ED3C /* puaf */ = {
			isa = PBXGroup;
			children = (
				2948BA722A31636600B2ED3C /* physpuppet.h */,
				29A358F32A43B53300C297A1 /* smith.h */,
			);
			path = puaf;
			sourceTree = "<group>";
		};
		2948BA742A31639800B2ED3C /* kread */ = {
			isa = PBXGroup;
			children = (
				2948BA762A3163AB00B2ED3C /* kread_kqueue_workloop_ctl.h */,
				2948BA772A3163B900B2ED3C /* kread_sem_open.h */,
			);
			path = kread;
			sourceTree = "<group>";
		};
		2948BA752A31639D00B2ED3C /* kwrite */ = {
			isa = PBXGroup;
			children = (
				2948BA782A3163C500B2ED3C /* kwrite_dup.h */,
				2948BA792A3163D200B2ED3C /* kwrite_sem_open.h */,
			);
			path = kwrite;
			sourceTree = "<group>";
		};
		297BA0FC2A310AE100D1E51A = {
			isa = PBXGroup;
			children = (
				297BA1072A310AE100D1E51A /* kfd */,
				297BA1062A310AE100D1E51A /* Products */,
			);
			sourceTree = "<group>";
		};
		297BA1062A310AE100D1E51A /* Products */ = {
			isa = PBXGroup;
			children = (
				297BA1052A310AE100D1E51A /* kfd.app */,
			);
			name = Products;
			sourceTree = "<group>";
		};
		297BA1072A310AE100D1E51A /* kfd */ = {
			isa = PBXGroup;
			children = (
				297BA10C2A310AE200D1E51A /* Assets.xcassets */,
				297BA10A2A310AE100D1E51A /* ContentView.swift */,
				2965065D2A31565B0025D1A7 /* kfd-Bridging-Header.h */,
				297BA10E2A310AE200D1E51A /* kfd.entitlements */,
				297BA1082A310AE100D1E51A /* kfdApp.swift */,
				212762AE2A7574040070E6A5 /* fun */,
				2948BA6A2A3162C600B2ED3C /* libkfd */,
				2965065E2A31565B0025D1A7 /* libkfd.h */,
				297BA10F2A310AE200D1E51A /* Preview Content */,
			);
			path = kfd;
			sourceTree = "<group>";
		};
		297BA10F2A310AE200D1E51A /* Preview Content */ = {
			isa = PBXGroup;
			children = (
				297BA1102A310AE200D1E51A /* Preview Assets.xcassets */,
			);
			path = "Preview Content";
			sourceTree = "<group>";
		};
/* End PBXGroup section */

/* Begin PBXNativeTarget section */
		297BA1042A310AE100D1E51A /* kfd */ = {
			isa = PBXNativeTarget;
			buildConfigurationList = 297BA1142A310AE200D1E51A /* Build configuration list for PBXNativeTarget "kfd" */;
			buildPhases = (
				297BA1012A310AE100D1E51A /* Sources */,
				297BA1022A310AE100D1E51A /* Frameworks */,
				297BA1032A310AE100D1E51A /* Resources */,
			);
			buildRules = (
			);
			dependencies = (
			);
			name = kfd;
			packageProductDependencies = (
				C8843C222A724AA900CA0DC9 /* SwiftUtils */,
			);
			productName = kfd;
			productReference = 297BA1052A310AE100D1E51A /* kfd.app */;
			productType = "com.apple.product-type.application";
		};
/* End PBXNativeTarget section */

/* Begin PBXProject section */
		297BA0FD2A310AE100D1E51A /* Project object */ = {
			isa = PBXProject;
			attributes = {
				BuildIndependentTargetsInParallel = 1;
				LastSwiftUpdateCheck = 1430;
				LastUpgradeCheck = 1430;
				TargetAttributes = {
					297BA1042A310AE100D1E51A = {
						CreatedOnToolsVersion = 14.3.1;
						LastSwiftMigration = 1430;
					};
				};
			};
			buildConfigurationList = 297BA1002A310AE100D1E51A /* Build configuration list for PBXProject "kfd" */;
			compatibilityVersion = "Xcode 14.0";
			developmentRegion = en;
			hasScannedForEncodings = 0;
			knownRegions = (
				en,
				Base,
			);
			mainGroup = 297BA0FC2A310AE100D1E51A;
			packageReferences = (
				C8843C212A724AA900CA0DC9 /* XCRemoteSwiftPackageReference "SwiftUtils" */,
			);
			productRefGroup = 297BA1062A310AE100D1E51A /* Products */;
			projectDirPath = "";
			projectRoot = "";
			targets = (
				297BA1042A310AE100D1E51A /* kfd */,
			);
		};
/* End PBXProject section */

/* Begin PBXResourcesBuildPhase section */
		297BA1032A310AE100D1E51A /* Resources */ = {
			isa = PBXResourcesBuildPhase;
			buildActionMask = 2147483647;
			files = (
				C8C43BF82A797848008B08F9 /* lock.caf in Resources */,
				297BA1112A310AE200D1E51A /* Preview Assets.xcassets in Resources */,
				C86E3CB82A7CFFF5004A1B56 /* modules.materialrecipe in Resources */,
				C893D2022A7BB82500643CCC /* SFUI.ttf in Resources */,
				C83165432A7D5A15004A4C22 /* PlampyWifi.car in Resources */,
				C893D2112A7C2FB200643CCC /* mainplaypausestop.caml in Resources */,
				C893D20D2A7C16E500643CCC /* mainforwardbackward.caml in Resources */,
				C893D20A2A7BB82500643CCC /* mainbrightness.caml in Resources */,
				297BA10D2A310AE200D1E51A /* Assets.xcassets in Resources */,
				C893D2082A7BB82500643CCC /* focusmain.caml in Resources */,
				C893D2062A7BB82500643CCC /* mainbluetooth.caml in Resources */,
				C893D2052A7BB82500643CCC /* mainvolume.caml in Resources */,
				C86E3CB92A7CFFF5004A1B56 /* modulesBackground.materialrecipe in Resources */,
				C893D2032A7BB82500643CCC /* ios16.car in Resources */,
				C8C194812A759CC700ABE8BF /* AAAA.bin in Resources */,
				C893D20B2A7BB82500643CCC /* mainwifi.caml in Resources */,
			);
			runOnlyForDeploymentPostprocessing = 0;
		};
/* End PBXResourcesBuildPhase section */

/* Begin PBXSourcesBuildPhase section */
		297BA1012A310AE100D1E51A /* Sources */ = {
			isa = PBXSourcesBuildPhase;
			buildActionMask = 2147483647;
			files = (
				212762C02A7574040070E6A5 /* grant_full_disk_access.m in Sources */,
				212762BF2A7574040070E6A5 /* fun.m in Sources */,
				C8EAC7D52A769100005FB878 /* utils.m in Sources */,
				297BA10B2A310AE100D1E51A /* ContentView.swift in Sources */,
				297BA1092A310AE100D1E51A /* kfdApp.swift in Sources */,
				212762C12A7574040070E6A5 /* helpers.m in Sources */,
				212762C62A7574040070E6A5 /* proc.c in Sources */,
				C8EAC7D22A7690E2005FB878 /* vnode.m in Sources */,
				212762C32A7574040070E6A5 /* krw.c in Sources */,
				212762C42A7574040070E6A5 /* offsets.m in Sources */,
				212762C22A7574040070E6A5 /* thanks_opa334dev_htrowii.m in Sources */,
			);
			runOnlyForDeploymentPostprocessing = 0;
		};
/* End PBXSourcesBuildPhase section */

/* Begin XCBuildConfiguration section */
		297BA1122A310AE200D1E51A /* Debug */ = {
			isa = XCBuildConfiguration;
			buildSettings = {
				ALWAYS_SEARCH_USER_PATHS = NO;
				CLANG_ANALYZER_NONNULL = YES;
				CLANG_ANALYZER_NUMBER_OBJECT_CONVERSION = YES_AGGRESSIVE;
				CLANG_CXX_LANGUAGE_STANDARD = "gnu++20";
				CLANG_ENABLE_MODULES = YES;
				CLANG_ENABLE_OBJC_ARC = YES;
				CLANG_ENABLE_OBJC_WEAK = YES;
				CLANG_WARN_BLOCK_CAPTURE_AUTORELEASING = YES;
				CLANG_WARN_BOOL_CONVERSION = YES;
				CLANG_WARN_COMMA = YES;
				CLANG_WARN_CONSTANT_CONVERSION = YES;
				CLANG_WARN_DEPRECATED_OBJC_IMPLEMENTATIONS = YES;
				CLANG_WARN_DIRECT_OBJC_ISA_USAGE = YES_ERROR;
				CLANG_WARN_DOCUMENTATION_COMMENTS = YES;
				CLANG_WARN_EMPTY_BODY = YES;
				CLANG_WARN_ENUM_CONVERSION = YES;
				CLANG_WARN_INFINITE_RECURSION = YES;
				CLANG_WARN_INT_CONVERSION = YES;
				CLANG_WARN_NON_LITERAL_NULL_CONVERSION = YES;
				CLANG_WARN_OBJC_IMPLICIT_RETAIN_SELF = YES;
				CLANG_WARN_OBJC_LITERAL_CONVERSION = YES;
				CLANG_WARN_OBJC_ROOT_CLASS = YES_ERROR;
				CLANG_WARN_QUOTED_INCLUDE_IN_FRAMEWORK_HEADER = YES;
				CLANG_WARN_RANGE_LOOP_ANALYSIS = YES;
				CLANG_WARN_STRICT_PROTOTYPES = YES;
				CLANG_WARN_SUSPICIOUS_MOVE = YES;
				CLANG_WARN_UNGUARDED_AVAILABILITY = YES_AGGRESSIVE;
				CLANG_WARN_UNREACHABLE_CODE = YES;
				CLANG_WARN__DUPLICATE_METHOD_MATCH = YES;
				COPY_PHASE_STRIP = NO;
				DEBUG_INFORMATION_FORMAT = dwarf;
				ENABLE_STRICT_OBJC_MSGSEND = YES;
				ENABLE_TESTABILITY = YES;
				GCC_C_LANGUAGE_STANDARD = gnu11;
				GCC_DYNAMIC_NO_PIC = NO;
				GCC_NO_COMMON_BLOCKS = YES;
				GCC_OPTIMIZATION_LEVEL = 0;
				GCC_PREPROCESSOR_DEFINITIONS = (
					"DEBUG=1",
					"$(inherited)",
				);
				GCC_WARN_64_TO_32_BIT_CONVERSION = YES;
				GCC_WARN_ABOUT_RETURN_TYPE = YES_ERROR;
				GCC_WARN_UNDECLARED_SELECTOR = YES;
				GCC_WARN_UNINITIALIZED_AUTOS = YES_AGGRESSIVE;
				GCC_WARN_UNUSED_FUNCTION = YES;
				GCC_WARN_UNUSED_VARIABLE = YES;
				MTL_ENABLE_DEBUG_INFO = INCLUDE_SOURCE;
				MTL_FAST_MATH = YES;
				ONLY_ACTIVE_ARCH = YES;
				SWIFT_ACTIVE_COMPILATION_CONDITIONS = DEBUG;
				SWIFT_OPTIMIZATION_LEVEL = "-Onone";
			};
			name = Debug;
		};
		297BA1132A310AE200D1E51A /* Release */ = {
			isa = XCBuildConfiguration;
			buildSettings = {
				ALWAYS_SEARCH_USER_PATHS = NO;
				CLANG_ANALYZER_NONNULL = YES;
				CLANG_ANALYZER_NUMBER_OBJECT_CONVERSION = YES_AGGRESSIVE;
				CLANG_CXX_LANGUAGE_STANDARD = "gnu++20";
				CLANG_ENABLE_MODULES = YES;
				CLANG_ENABLE_OBJC_ARC = YES;
				CLANG_ENABLE_OBJC_WEAK = YES;
				CLANG_WARN_BLOCK_CAPTURE_AUTORELEASING = YES;
				CLANG_WARN_BOOL_CONVERSION = YES;
				CLANG_WARN_COMMA = YES;
				CLANG_WARN_CONSTANT_CONVERSION = YES;
				CLANG_WARN_DEPRECATED_OBJC_IMPLEMENTATIONS = YES;
				CLANG_WARN_DIRECT_OBJC_ISA_USAGE = YES_ERROR;
				CLANG_WARN_DOCUMENTATION_COMMENTS = YES;
				CLANG_WARN_EMPTY_BODY = YES;
				CLANG_WARN_ENUM_CONVERSION = YES;
				CLANG_WARN_INFINITE_RECURSION = YES;
				CLANG_WARN_INT_CONVERSION = YES;
				CLANG_WARN_NON_LITERAL_NULL_CONVERSION = YES;
				CLANG_WARN_OBJC_IMPLICIT_RETAIN_SELF = YES;
				CLANG_WARN_OBJC_LITERAL_CONVERSION = YES;
				CLANG_WARN_OBJC_ROOT_CLASS = YES_ERROR;
				CLANG_WARN_QUOTED_INCLUDE_IN_FRAMEWORK_HEADER = YES;
				CLANG_WARN_RANGE_LOOP_ANALYSIS = YES;
				CLANG_WARN_STRICT_PROTOTYPES = YES;
				CLANG_WARN_SUSPICIOUS_MOVE = YES;
				CLANG_WARN_UNGUARDED_AVAILABILITY = YES_AGGRESSIVE;
				CLANG_WARN_UNREACHABLE_CODE = YES;
				CLANG_WARN__DUPLICATE_METHOD_MATCH = YES;
				COPY_PHASE_STRIP = NO;
				DEBUG_INFORMATION_FORMAT = "dwarf-with-dsym";
				ENABLE_NS_ASSERTIONS = NO;
				ENABLE_STRICT_OBJC_MSGSEND = YES;
				GCC_C_LANGUAGE_STANDARD = gnu11;
				GCC_NO_COMMON_BLOCKS = YES;
				GCC_WARN_64_TO_32_BIT_CONVERSION = YES;
				GCC_WARN_ABOUT_RETURN_TYPE = YES_ERROR;
				GCC_WARN_UNDECLARED_SELECTOR = YES;
				GCC_WARN_UNINITIALIZED_AUTOS = YES_AGGRESSIVE;
				GCC_WARN_UNUSED_FUNCTION = YES;
				GCC_WARN_UNUSED_VARIABLE = YES;
				MTL_ENABLE_DEBUG_INFO = NO;
				MTL_FAST_MATH = YES;
				SWIFT_COMPILATION_MODE = wholemodule;
				SWIFT_OPTIMIZATION_LEVEL = "-O";
			};
			name = Release;
		};
		297BA1152A310AE200D1E51A /* Debug */ = {
			isa = XCBuildConfiguration;
			buildSettings = {
				ASSETCATALOG_COMPILER_APPICON_NAME = AppIcon;
				ASSETCATALOG_COMPILER_GLOBAL_ACCENT_COLOR_NAME = AccentColor;
				CLANG_ENABLE_MODULES = YES;
				CODE_SIGN_ENTITLEMENTS = kfd/kfd.entitlements;
				CODE_SIGN_STYLE = Automatic;
				CURRENT_PROJECT_VERSION = 1;
				DEVELOPMENT_ASSET_PATHS = "\"kfd/Preview Content\"";
				DEVELOPMENT_TEAM = XYJG5XT7ZZ;
				ENABLE_HARDENED_RUNTIME = YES;
				ENABLE_PREVIEWS = YES;
				GENERATE_INFOPLIST_FILE = YES;
				"INFOPLIST_KEY_UIApplicationSceneManifest_Generation[sdk=iphoneos*]" = YES;
				"INFOPLIST_KEY_UIApplicationSceneManifest_Generation[sdk=iphonesimulator*]" = YES;
				"INFOPLIST_KEY_UIApplicationSupportsIndirectInputEvents[sdk=iphoneos*]" = YES;
				"INFOPLIST_KEY_UIApplicationSupportsIndirectInputEvents[sdk=iphonesimulator*]" = YES;
				"INFOPLIST_KEY_UILaunchScreen_Generation[sdk=iphoneos*]" = YES;
				"INFOPLIST_KEY_UILaunchScreen_Generation[sdk=iphonesimulator*]" = YES;
				"INFOPLIST_KEY_UIStatusBarStyle[sdk=iphoneos*]" = UIStatusBarStyleDefault;
				"INFOPLIST_KEY_UIStatusBarStyle[sdk=iphonesimulator*]" = UIStatusBarStyleDefault;
				INFOPLIST_KEY_UISupportedInterfaceOrientations_iPad = "UIInterfaceOrientationPortrait UIInterfaceOrientationPortraitUpsideDown UIInterfaceOrientationLandscapeLeft UIInterfaceOrientationLandscapeRight";
				INFOPLIST_KEY_UISupportedInterfaceOrientations_iPhone = "UIInterfaceOrientationPortrait UIInterfaceOrientationLandscapeLeft UIInterfaceOrientationLandscapeRight";
				IPHONEOS_DEPLOYMENT_TARGET = 16.0;
				LD_RUNPATH_SEARCH_PATHS = "@executable_path/Frameworks";
				"LD_RUNPATH_SEARCH_PATHS[sdk=macosx*]" = "@executable_path/../Frameworks";
				MACOSX_DEPLOYMENT_TARGET = 13.3;
				MARKETING_VERSION = 1.0;
				PRODUCT_BUNDLE_IDENTIFIER = com.sussy.among;
				PRODUCT_NAME = "$(TARGET_NAME)";
				SDKROOT = auto;
				SUPPORTED_PLATFORMS = "iphoneos iphonesimulator macosx";
				SWIFT_EMIT_LOC_STRINGS = YES;
				SWIFT_OBJC_BRIDGING_HEADER = "kfd/kfd-Bridging-Header.h";
				SWIFT_OPTIMIZATION_LEVEL = "-Onone";
				SWIFT_VERSION = 5.0;
				TARGETED_DEVICE_FAMILY = "1,2";
			};
			name = Debug;
		};
		297BA1162A310AE200D1E51A /* Release */ = {
			isa = XCBuildConfiguration;
			buildSettings = {
				ASSETCATALOG_COMPILER_APPICON_NAME = AppIcon;
				ASSETCATALOG_COMPILER_GLOBAL_ACCENT_COLOR_NAME = AccentColor;
				CLANG_ENABLE_MODULES = YES;
				CODE_SIGN_ENTITLEMENTS = kfd/kfd.entitlements;
				CODE_SIGN_STYLE = Automatic;
				CURRENT_PROJECT_VERSION = 1;
				DEVELOPMENT_ASSET_PATHS = "\"kfd/Preview Content\"";
				DEVELOPMENT_TEAM = XYJG5XT7ZZ;
				ENABLE_HARDENED_RUNTIME = YES;
				ENABLE_PREVIEWS = YES;
				GENERATE_INFOPLIST_FILE = YES;
				"INFOPLIST_KEY_UIApplicationSceneManifest_Generation[sdk=iphoneos*]" = YES;
				"INFOPLIST_KEY_UIApplicationSceneManifest_Generation[sdk=iphonesimulator*]" = YES;
				"INFOPLIST_KEY_UIApplicationSupportsIndirectInputEvents[sdk=iphoneos*]" = YES;
				"INFOPLIST_KEY_UIApplicationSupportsIndirectInputEvents[sdk=iphonesimulator*]" = YES;
				"INFOPLIST_KEY_UILaunchScreen_Generation[sdk=iphoneos*]" = YES;
				"INFOPLIST_KEY_UILaunchScreen_Generation[sdk=iphonesimulator*]" = YES;
				"INFOPLIST_KEY_UIStatusBarStyle[sdk=iphoneos*]" = UIStatusBarStyleDefault;
				"INFOPLIST_KEY_UIStatusBarStyle[sdk=iphonesimulator*]" = UIStatusBarStyleDefault;
				INFOPLIST_KEY_UISupportedInterfaceOrientations_iPad = "UIInterfaceOrientationPortrait UIInterfaceOrientationPortraitUpsideDown UIInterfaceOrientationLandscapeLeft UIInterfaceOrientationLandscapeRight";
				INFOPLIST_KEY_UISupportedInterfaceOrientations_iPhone = "UIInterfaceOrientationPortrait UIInterfaceOrientationLandscapeLeft UIInterfaceOrientationLandscapeRight";
				IPHONEOS_DEPLOYMENT_TARGET = 16.0;
				LD_RUNPATH_SEARCH_PATHS = "@executable_path/Frameworks";
				"LD_RUNPATH_SEARCH_PATHS[sdk=macosx*]" = "@executable_path/../Frameworks";
				MACOSX_DEPLOYMENT_TARGET = 13.3;
				MARKETING_VERSION = 1.0;
				PRODUCT_BUNDLE_IDENTIFIER = com.sussy.among;
				PRODUCT_NAME = "$(TARGET_NAME)";
				SDKROOT = auto;
				SUPPORTED_PLATFORMS = "iphoneos iphonesimulator macosx";
				SWIFT_EMIT_LOC_STRINGS = YES;
				SWIFT_OBJC_BRIDGING_HEADER = "kfd/kfd-Bridging-Header.h";
				SWIFT_VERSION = 5.0;
				TARGETED_DEVICE_FAMILY = "1,2";
			};
			name = Release;
		};
/* End XCBuildConfiguration section */

/* Begin XCConfigurationList section */
		297BA1002A310AE100D1E51A /* Build configuration list for PBXProject "kfd" */ = {
			isa = XCConfigurationList;
			buildConfigurations = (
				297BA1122A310AE200D1E51A /* Debug */,
				297BA1132A310AE200D1E51A /* Release */,
			);
			defaultConfigurationIsVisible = 0;
			defaultConfigurationName = Release;
		};
		297BA1142A310AE200D1E51A /* Build configuration list for PBXNativeTarget "kfd" */ = {
			isa = XCConfigurationList;
			buildConfigurations = (
				297BA1152A310AE200D1E51A /* Debug */,
				297BA1162A310AE200D1E51A /* Release */,
			);
			defaultConfigurationIsVisible = 0;
			defaultConfigurationName = Release;
		};
/* End XCConfigurationList section */

/* Begin XCRemoteSwiftPackageReference section */
		C8843C212A724AA900CA0DC9 /* XCRemoteSwiftPackageReference "SwiftUtils" */ = {
			isa = XCRemoteSwiftPackageReference;
			repositoryURL = "https://github.com/pinauten/SwiftUtils";
			requirement = {
				branch = master;
				kind = branch;
			};
		};
/* End XCRemoteSwiftPackageReference section */

/* Begin XCSwiftPackageProductDependency section */
		C8843C222A724AA900CA0DC9 /* SwiftUtils */ = {
			isa = XCSwiftPackageProductDependency;
			package = C8843C212A724AA900CA0DC9 /* XCRemoteSwiftPackageReference "SwiftUtils" */;
			productName = SwiftUtils;
		};
/* End XCSwiftPackageProductDependency section */
	};
	rootObject = 297BA0FD2A310AE100D1E51A /* Project object */;
}
