{
  "pins" : [
    {
      "identity" : "swiftfulloadingindicators",
      "kind" : "remoteSourceControl",
      "location" : "https://github.com/ndsarno/SwiftfulLoadingIndicators.git",
      "state" : {
        "revision" : "85858c0246dcd781228301f9928519f75ce89758",
        "version" : "0.0.4"
      }
    },
    {
      "identity" : "zstd",
      "kind" : "remoteSourceControl",
      "location" : "https://github.com/facebook/zstd.git",
      "state" : {
        "branch" : "dev",
        "revision" : "1c007e64b85248b989aa7a9bea50897aae8fdb41"
      }
    }
  ],
  "version" : 2
}
